
Microsoft Visual Studio Solution File, Format Version 12.00
# Visual Studio Version 16
VisualStudioVersion = 16.0.29728.190
MinimumVisualStudioVersion = 10.0.40219.1
Project("{FAE04EC0-301F-11D3-BF4B-00C04F79EFBC}") = "opp-lesson-4-parking", "opp-lesson-4-parking\opp-lesson-4-parking.csproj", "{1231D189-D337-49E5-90AD-0354B76B41DA}"
EndProject
Global
	GlobalSection(SolutionConfigurationPlatforms) = preSolution
		Debug|Any CPU = Debug|Any CPU
		Release|Any CPU = Release|Any CPU
	EndGlobalSection
	GlobalSection(ProjectConfigurationPlatforms) = postSolution
		{1231D189-D337-49E5-90AD-0354B76B41DA}.Debug|Any CPU.ActiveCfg = Debug|Any CPU
		{1231D189-D337-49E5-90AD-0354B76B41DA}.Debug|Any CPU.Build.0 = Debug|Any CPU
		{1231D189-D337-49E5-90AD-0354B76B41DA}.Release|Any CPU.ActiveCfg = Release|Any CPU
		{1231D189-D337-49E5-90AD-0354B76B41DA}.Release|Any CPU.Build.0 = Release|Any CPU
	EndGlobalSection
	GlobalSection(SolutionProperties) = preSolution
		HideSolutionNode = FALSE
	EndGlobalSection
	GlobalSection(ExtensibilityGlobals) = postSolution
		SolutionGuid = {D19FA921-850F-431A-8277-2F142F54FE2B}
	EndGlobalSection
EndGlobal
